// !$*UTF8*$!
{
	archiveVersion = 1;
	classes = {
	};
	objectVersion = 46;
	objects = {

/* Begin PBXBuildFile section */
		98AA63B41E499FE600AA573D /* main.m in Sources */ = {isa = PBXBuildFile; fileRef = 98AA63B31E499FE600AA573D /* main.m */; };
		98AA63B71E499FE600AA573D /* AppDelegate.m in Sources */ = {isa = PBXBuildFile; fileRef = 98AA63B61E499FE600AA573D /* AppDelegate.m */; };
		98AA63BA1E499FE600AA573D /* ViewController.m in Sources */ = {isa = PBXBuildFile; fileRef = 98AA63B91E499FE600AA573D /* ViewController.m */; };
		98AA63BD1E499FE600AA573D /* Main.storyboard in Resources */ = {isa = PBXBuildFile; fileRef = 98AA63BB1E499FE600AA573D /* Main.storyboard */; };
		98AA63BF1E499FE600AA573D /* Assets.xcassets in Resources */ = {isa = PBXBuildFile; fileRef = 98AA63BE1E499FE600AA573D /* Assets.xcassets */; };
		98AA63C21E499FE600AA573D /* LaunchScreen.storyboard in Resources */ = {isa = PBXBuildFile; fileRef = 98AA63C01E499FE600AA573D /* LaunchScreen.storyboard */; };
		98AA63CB1E49A0A700AA573D /* LSDrawView.m in Sources */ = {isa = PBXBuildFile; fileRef = 98AA63CA1E49A0A700AA573D /* LSDrawView.m */; };
/* End PBXBuildFile section */

/* Begin PBXFileReference section */
		98AA63AF1E499FE600AA573D /* LSDrawTest.app */ = {isa = PBXFileReference; explicitFileType = wrapper.application; includeInIndex = 0; path = LSDrawTest.app; sourceTree = BUILT_PRODUCTS_DIR; };
		98AA63B31E499FE600AA573D /* main.m */ = {isa = PBXFileReference; lastKnownFileType = sourcecode.c.objc; path = main.m; sourceTree = "<group>"; };
		98AA63B51E499FE600AA573D /* AppDelegate.h */ = {isa = PBXFileReference; lastKnownFileType = sourcecode.c.h; path = AppDelegate.h; sourceTree = "<group>"; };
		98AA63B61E499FE600AA573D /* AppDelegate.m */ = {isa = PBXFileReference; lastKnownFileType = sourcecode.c.objc; path = AppDelegate.m; sourceTree = "<group>"; };
		98AA63B81E499FE600AA573D /* ViewController.h */ = {isa = PBXFileReference; lastKnownFileType = sourcecode.c.h; path = ViewController.h; sourceTree = "<group>"; };
		98AA63B91E499FE600AA573D /* ViewController.m */ = {isa = PBXFileReference; lastKnownFileType = sourcecode.c.objc; path = ViewController.m; sourceTree = "<group>"; };
		98AA63BC1E499FE600AA573D /* Base */ = {isa = PBXFileReference; lastKnownFileType = file.storyboard; name = Base; path = Base.lproj/Main.storyboard; sourceTree = "<group>"; };
		98AA63BE1E499FE600AA573D /* Assets.xcassets */ = {isa = PBXFileReference; lastKnownFileType = folder.assetcatalog; path = Assets.xcassets; sourceTree = "<group>"; };
		98AA63C11E499FE600AA573D /* Base */ = {isa = PBXFileReference; lastKnownFileType = file.storyboard; name = Base; path = Base.lproj/LaunchScreen.storyboard; sourceTree = "<group>"; };
		98AA63C31E499FE600AA573D /* Info.plist */ = {isa = PBXFileReference; lastKnownFileType = text.plist.xml; path = Info.plist; sourceTree = "<group>"; };
		98AA63C91E49A0A700AA573D /* LSDrawView.h */ = {isa = PBXFileReference; fileEncoding = 4; lastKnownFileType = sourcecode.c.h; path = LSDrawView.h; sourceTree = "<group>"; };
		98AA63CA1E49A0A700AA573D /* LSDrawView.m */ = {isa = PBXFileReference; fileEncoding = 4; lastKnownFileType = sourcecode.c.objc; path = LSDrawView.m; sourceTree = "<group>"; };
/* End PBXFileReference section */

/* Begin PBXFrameworksBuildPhase section */
		98AA63AC1E499FE600AA573D /* Frameworks */ = {
			isa = PBXFrameworksBuildPhase;
			buildActionMask = 2147483647;
			files = (
			);
			runOnlyForDeploymentPostprocessing = 0;
		};
/* End PBXFrameworksBuildPhase section */

/* Begin PBXGroup section */
		98AA63A61E499FE600AA573D = {
			isa = PBXGroup;
			children = (
				98AA63C91E49A0A700AA573D /* LSDrawView.h */,
				98AA63CA1E49A0A700AA573D /* LSDrawView.m */,
				98AA63B11E499FE600AA573D /* LSDrawTest */,
				98AA63B01E499FE600AA573D /* Products */,
			);
			sourceTree = "<group>";
		};
		98AA63B01E499FE600AA573D /* Products */ = {
			isa = PBXGroup;
			children = (
				98AA63AF1E499FE600AA573D /* LSDrawTest.app */,
			);
			name = Products;
			sourceTree = "<group>";
		};
		98AA63B11E499FE600AA573D /* LSDrawTest */ = {
			isa = PBXGroup;
			children = (
				98AA63B51E499FE600AA573D /* AppDelegate.h */,
				98AA63B61E499FE600AA573D /* AppDelegate.m */,
				98AA63B81E499FE600AA573D /* ViewController.h */,
				98AA63B91E499FE600AA573D /* ViewController.m */,
				98AA63BB1E499FE600AA573D /* Main.storyboard */,
				98AA63BE1E499FE600AA573D /* Assets.xcassets */,
				98AA63C01E499FE600AA573D /* LaunchScreen.storyboard */,
				98AA63C31E499FE600AA573D /* Info.plist */,
				98AA63B21E499FE600AA573D /* Supporting Files */,
			);
			path = LSDrawTest;
			sourceTree = "<group>";
		};
		98AA63B21E499FE600AA573D /* Supporting Files */ = {
			isa = PBXGroup;
			children = (
				98AA63B31E499FE600AA573D /* main.m */,
			);
			name = "Supporting Files";
			sourceTree = "<group>";
		};
/* End PBXGroup section */

/* Begin PBXNativeTarget section */
		98AA63AE1E499FE600AA573D /* LSDrawTest */ = {
			isa = PBXNativeTarget;
			buildConfigurationList = 98AA63C61E499FE600AA573D /* Build configuration list for PBXNativeTarget "LSDrawTest" */;
			buildPhases = (
				98AA63AB1E499FE600AA573D /* Sources */,
				98AA63AC1E499FE600AA573D /* Frameworks */,
				98AA63AD1E499FE600AA573D /* Resources */,
			);
			buildRules = (
			);
			dependencies = (
			);
			name = LSDrawTest;
			productName = LSDrawTest;
			productReference = 98AA63AF1E499FE600AA573D /* LSDrawTest.app */;
			productType = "com.apple.product-type.application";
		};
/* End PBXNativeTarget section */

/* Begin PBXProject section */
		98AA63A71E499FE600AA573D /* Project object */ = {
			isa = PBXProject;
			attributes = {
				LastUpgradeCheck = 0810;
				ORGANIZATIONNAME = linyoulu;
				TargetAttributes = {
					98AA63AE1E499FE600AA573D = {
						CreatedOnToolsVersion = 8.1;
						DevelopmentTeam = 6FM8RQQK99;
						ProvisioningStyle = Automatic;
					};
				};
			};
			buildConfigurationList = 98AA63AA1E499FE600AA573D /* Build configuration list for PBXProject "LSDrawTest" */;
			compatibilityVersion = "Xcode 3.2";
			developmentRegion = English;
			hasScannedForEncodings = 0;
			knownRegions = (
				en,
				Base,
			);
			mainGroup = 98AA63A61E499FE600AA573D;
			productRefGroup = 98AA63B01E499FE600AA573D /* Products */;
			projectDirPath = "";
			projectRoot = "";
			targets = (
				98AA63AE1E499FE600AA573D /* LSDrawTest */,
			);
		};
/* End PBXProject section */

/* Begin PBXResourcesBuildPhase section */
		98AA63AD1E499FE600AA573D /* Resources */ = {
			isa = PBXResourcesBuildPhase;
			buildActionMask = 2147483647;
			files = (
				98AA63C21E499FE600AA573D /* LaunchScreen.storyboard in Resources */,
				98AA63BF1E499FE600AA573D /* Assets.xcassets in Resources */,
				98AA63BD1E499FE600AA573D /* Main.storyboard in Resources */,
			);
			runOnlyForDeploymentPostprocessing = 0;
		};
/* End PBXResourcesBuildPhase section */

/* Begin PBXSourcesBuildPhase section */
		98AA63AB1E499FE600AA573D /* Sources */ = {
			isa = PBXSourcesBuildPhase;
			buildActionMask = 2147483647;
			files = (
				98AA63BA1E499FE600AA573D /* ViewController.m in Sources */,
				98AA63B71E499FE600AA573D /* AppDelegate.m in Sources */,
				98AA63B41E499FE600AA573D /* main.m in Sources */,
				98AA63CB1E49A0A700AA573D /* LSDrawView.m in Sources */,
			);
			runOnlyForDeploymentPostprocessing = 0;
		};
/* End PBXSourcesBuildPhase section */

/* Begin PBXVariantGroup section */
		98AA63BB1E499FE600AA573D /* Main.storyboard */ = {
			isa = PBXVariantGroup;
			children = (
				98AA63BC1E499FE600AA573D /* Base */,
			);
			name = Main.storyboard;
			sourceTree = "<group>";
		};
		98AA63C01E499FE600AA573D /* LaunchScreen.storyboard */ = {
			isa = PBXVariantGroup;
			children = (
				98AA63C11E499FE600AA573D /* Base */,
			);
			name = LaunchScreen.storyboard;
			sourceTree = "<group>";
		};
/* End PBXVariantGroup section */

/* Begin XCBuildConfiguration section */
		98AA63C41E499FE600AA573D /* Debug */ = {
			isa = XCBuildConfiguration;
			buildSettings = {
				ALWAYS_SEARCH_USER_PATHS = NO;
				CLANG_ANALYZER_NONNULL = YES;
				CLANG_CXX_LANGUAGE_STANDARD = "gnu++0x";
				CLANG_CXX_LIBRARY = "libc++";
				CLANG_ENABLE_MODULES = YES;
				CLANG_ENABLE_OBJC_ARC = YES;
				CLANG_WARN_BOOL_CONVERSION = YES;
				CLANG_WARN_CONSTANT_CONVERSION = YES;
				CLANG_WARN_DIRECT_OBJC_ISA_USAGE = YES_ERROR;
				CLANG_WARN_DOCUMENTATION_COMMENTS = YES;
				CLANG_WARN_EMPTY_BODY = YES;
				CLANG_WARN_ENUM_CONVERSION = YES;
				CLANG_WARN_INFINITE_RECURSION = YES;
				CLANG_WARN_INT_CONVERSION = YES;
				CLANG_WARN_OBJC_ROOT_CLASS = YES_ERROR;
				CLANG_WARN_SUSPICIOUS_MOVES = YES;
				CLANG_WARN_UNREACHABLE_CODE = YES;
				CLANG_WARN__DUPLICATE_METHOD_MATCH = YES;
				"CODE_SIGN_IDENTITY[sdk=iphoneos*]" = "iPhone Developer";
				COPY_PHASE_STRIP = NO;
				DEBUG_INFORMATION_FORMAT = dwarf;
				ENABLE_STRICT_OBJC_MSGSEND = YES;
				ENABLE_TESTABILITY = YES;
				GCC_C_LANGUAGE_STANDARD = gnu99;
				GCC_DYNAMIC_NO_PIC = NO;
				GCC_NO_COMMON_BLOCKS = YES;
				GCC_OPTIMIZATION_LEVEL = 0;
				GCC_PREPROCESSOR_DEFINITIONS = (
					"DEBUG=1",
					"$(inherited)",
				);
				GCC_WARN_64_TO_32_BIT_CONVERSION = YES;
				GCC_WARN_ABOUT_RETURN_TYPE = YES_ERROR;
				GCC_WARN_UNDECLARED_SELECTOR = YES;
				GCC_WARN_UNINITIALIZED_AUTOS = YES_AGGRESSIVE;
				GCC_WARN_UNUSED_FUNCTION = YES;
				GCC_WARN_UNUSED_VARIABLE = YES;
				IPHONEOS_DEPLOYMENT_TARGET = 10.1;
				MTL_ENABLE_DEBUG_INFO = YES;
				ONLY_ACTIVE_ARCH = YES;
				SDKROOT = iphoneos;
			};
			name = Debug;
		};
		98AA63C51E499FE600AA573D /* Release */ = {
			isa = XCBuildConfiguration;
			buildSettings = {
				ALWAYS_SEARCH_USER_PATHS = NO;
				CLANG_ANALYZER_NONNULL = YES;
				CLANG_CXX_LANGUAGE_STANDARD = "gnu++0x";
				CLANG_CXX_LIBRARY = "libc++";
				CLANG_ENABLE_MODULES = YES;
				CLANG_ENABLE_OBJC_ARC = YES;
				CLANG_WARN_BOOL_CONVERSION = YES;
				CLANG_WARN_CONSTANT_CONVERSION = YES;
				CLANG_WARN_DIRECT_OBJC_ISA_USAGE = YES_ERROR;
				CLANG_WARN_DOCUMENTATION_COMMENTS = YES;
				CLANG_WARN_EMPTY_BODY = YES;
				CLANG_WARN_ENUM_CONVERSION = YES;
				CLANG_WARN_INFINITE_RECURSION = YES;
				CLANG_WARN_INT_CONVERSION = YES;
				CLANG_WARN_OBJC_ROOT_CLASS = YES_ERROR;
				CLANG_WARN_SUSPICIOUS_MOVES = YES;
				CLANG_WARN_UNREACHABLE_CODE = YES;
				CLANG_WARN__DUPLICATE_METHOD_MATCH = YES;
				"CODE_SIGN_IDENTITY[sdk=iphoneos*]" = "iPhone Developer";
				COPY_PHASE_STRIP = NO;
				DEBUG_INFORMATION_FORMAT = "dwarf-with-dsym";
				ENABLE_NS_ASSERTIONS = NO;
				ENABLE_STRICT_OBJC_MSGSEND = YES;
				GCC_C_LANGUAGE_STANDARD = gnu99;
				GCC_NO_COMMON_BLOCKS = YES;
				GCC_WARN_64_TO_32_BIT_CONVERSION = YES;
				GCC_WARN_ABOUT_RETURN_TYPE = YES_ERROR;
				GCC_WARN_UNDECLARED_SELECTOR = YES;
				GCC_WARN_UNINITIALIZED_AUTOS = YES_AGGRESSIVE;
				GCC_WARN_UNUSED_FUNCTION = YES;
				GCC_WARN_UNUSED_VARIABLE = YES;
				IPHONEOS_DEPLOYMENT_TARGET = 10.1;
				MTL_ENABLE_DEBUG_INFO = NO;
				SDKROOT = iphoneos;
				VALIDATE_PRODUCT = YES;
			};
			name = Release;
		};
		98AA63C71E499FE600AA573D /* Debug */ = {
			isa = XCBuildConfiguration;
			buildSettings = {
				ASSETCATALOG_COMPILER_APPICON_NAME = AppIcon;
				DEVELOPMENT_TEAM = 6FM8RQQK99;
				INFOPLIST_FILE = LSDrawTest/Info.plist;
				LD_RUNPATH_SEARCH_PATHS = "$(inherited) @executable_path/Frameworks";
				PRODUCT_BUNDLE_IDENTIFIER = net.chinaedu.LSDrawTest;
				PRODUCT_NAME = "$(TARGET_NAME)";
			};
			name = Debug;
		};
		98AA63C81E499FE600AA573D /* Release */ = {
			isa = XCBuildConfiguration;
			buildSettings = {
				ASSETCATALOG_COMPILER_APPICON_NAME = AppIcon;
				DEVELOPMENT_TEAM = 6FM8RQQK99;
				INFOPLIST_FILE = LSDrawTest/Info.plist;
				LD_RUNPATH_SEARCH_PATHS = "$(inherited) @executable_path/Frameworks";
				PRODUCT_BUNDLE_IDENTIFIER = net.chinaedu.LSDrawTest;
				PRODUCT_NAME = "$(TARGET_NAME)";
			};
			name = Release;
		};
/* End XCBuildConfiguration section */

/* Begin XCConfigurationList section */
		98AA63AA1E499FE600AA573D /* Build configuration list for PBXProject "LSDrawTest" */ = {
			isa = XCConfigurationList;
			buildConfigurations = (
				98AA63C41E499FE600AA573D /* Debug */,
				98AA63C51E499FE600AA573D /* Release */,
			);
			defaultConfigurationIsVisible = 0;
			defaultConfigurationName = Release;
		};
		98AA63C61E499FE600AA573D /* Build configuration list for PBXNativeTarget "LSDrawTest" */ = {
			isa = XCConfigurationList;
			buildConfigurations = (
				98AA63C71E499FE600AA573D /* Debug */,
				98AA63C81E499FE600AA573D /* Release */,
			);
			defaultConfigurationIsVisible = 0;
		};
/* End XCConfigurationList section */
	};
	rootObject = 98AA63A71E499FE600AA573D /* Project object */;
}
